
Microsoft Visual Studio Solution File, Format Version 12.00
# Visual Studio Version 17
VisualStudioVersion = 17.5.33627.172
MinimumVisualStudioVersion = 10.0.40219.1
Project("{8BC9CEB8-8B4A-11D0-8D11-00A0C91BC942}") = "KernelDX3DDriver", "KernelDX3DDriver\KernelDX3DDriver.vcxproj", "{D108864B-37C9-49EC-9C41-05C504E7F55E}"
EndProject
Project("{8BC9CEB8-8B4A-11D0-8D11-00A0C91BC942}") = "UMProject", "UMProject\UMProject.vcxproj", "{3A22D52C-412A-4F61-8B0C-838D99F661CF}"
EndProject
Global
	GlobalSection(SolutionConfigurationPlatforms) = preSolution
		Debug|ARM64 = Debug|ARM64
		Debug|x64 = Debug|x64
		Debug|x86 = Debug|x86
		Release|ARM64 = Release|ARM64
		Release|x64 = Release|x64
		Release|x86 = Release|x86
	EndGlobalSection
	GlobalSection(ProjectConfigurationPlatforms) = postSolution
		{D108864B-37C9-49EC-9C41-05C504E7F55E}.Debug|ARM64.ActiveCfg = Debug|ARM64
		{D108864B-37C9-49EC-9C41-05C504E7F55E}.Debug|ARM64.Build.0 = Debug|ARM64
		{D108864B-37C9-49EC-9C41-05C504E7F55E}.Debug|ARM64.Deploy.0 = Debug|ARM64
		{D108864B-37C9-49EC-9C41-05C504E7F55E}.Debug|x64.ActiveCfg = Debug|x64
		{D108864B-37C9-49EC-9C41-05C504E7F55E}.Debug|x64.Build.0 = Debug|x64
		{D108864B-37C9-49EC-9C41-05C504E7F55E}.Debug|x64.Deploy.0 = Debug|x64
		{D108864B-37C9-49EC-9C41-05C504E7F55E}.Debug|x86.ActiveCfg = Debug|x64
		{D108864B-37C9-49EC-9C41-05C504E7F55E}.Debug|x86.Build.0 = Debug|x64
		{D108864B-37C9-49EC-9C41-05C504E7F55E}.Debug|x86.Deploy.0 = Debug|x64
		{D108864B-37C9-49EC-9C41-05C504E7F55E}.Release|ARM64.ActiveCfg = Release|ARM64
		{D108864B-37C9-49EC-9C41-05C504E7F55E}.Release|ARM64.Build.0 = Release|ARM64
		{D108864B-37C9-49EC-9C41-05C504E7F55E}.Release|ARM64.Deploy.0 = Release|ARM64
		{D108864B-37C9-49EC-9C41-05C504E7F55E}.Release|x64.ActiveCfg = Release|x64
		{D108864B-37C9-49EC-9C41-05C504E7F55E}.Release|x64.Build.0 = Release|x64
		{D108864B-37C9-49EC-9C41-05C504E7F55E}.Release|x64.Deploy.0 = Release|x64
		{D108864B-37C9-49EC-9C41-05C504E7F55E}.Release|x86.ActiveCfg = Release|x64
		{D108864B-37C9-49EC-9C41-05C504E7F55E}.Release|x86.Build.0 = Release|x64
		{D108864B-37C9-49EC-9C41-05C504E7F55E}.Release|x86.Deploy.0 = Release|x64
		{3A22D52C-412A-4F61-8B0C-838D99F661CF}.Debug|ARM64.ActiveCfg = Debug|x64
		{3A22D52C-412A-4F61-8B0C-838D99F661CF}.Debug|ARM64.Build.0 = Debug|x64
		{3A22D52C-412A-4F61-8B0C-838D99F661CF}.Debug|x64.ActiveCfg = Debug|x64
		{3A22D52C-412A-4F61-8B0C-838D99F661CF}.Debug|x64.Build.0 = Debug|x64
		{3A22D52C-412A-4F61-8B0C-838D99F661CF}.Debug|x86.ActiveCfg = Debug|Win32
		{3A22D52C-412A-4F61-8B0C-838D99F661CF}.Debug|x86.Build.0 = Debug|Win32
		{3A22D52C-412A-4F61-8B0C-838D99F661CF}.Release|ARM64.ActiveCfg = Release|x64
		{3A22D52C-412A-4F61-8B0C-838D99F661CF}.Release|ARM64.Build.0 = Release|x64
		{3A22D52C-412A-4F61-8B0C-838D99F661CF}.Release|x64.ActiveCfg = Debug|x64
		{3A22D52C-412A-4F61-8B0C-838D99F661CF}.Release|x64.Build.0 = Debug|x64
		{3A22D52C-412A-4F61-8B0C-838D99F661CF}.Release|x86.ActiveCfg = Release|Win32
		{3A22D52C-412A-4F61-8B0C-838D99F661CF}.Release|x86.Build.0 = Release|Win32
	EndGlobalSection
	GlobalSection(SolutionProperties) = preSolution
		HideSolutionNode = FALSE
	EndGlobalSection
	GlobalSection(ExtensibilityGlobals) = postSolution
		SolutionGuid = {917BBD23-6402-4C49-8BCA-D380960AF64F}
	EndGlobalSection
EndGlobal
